<Solution>
  <Folder Name="/samples/">
    <Project Path="samples/TextToolsPlugin/TextToolsPlugin.csproj" />
  </Folder>
  <Folder Name="/src/">
    <Project Path="src/BlankSlate.PluginApi/BlankSlate.PluginApi.csproj" />
    <Project Path="src/BlankSlate/BlankSlate.csproj" />
  </Folder>
</Solution>
